
Microsoft Visual Studio Solution File, Format Version 12.00
# Visual Studio Version 17
VisualStudioVersion = 17.9.34902.65
MinimumVisualStudioVersion = 10.0.40219.1
Project("{FAE04EC0-301F-11D3-BF4B-00C04F79EFBC}") = "AppRedis", "AppRedis\AppRedis.csproj", "{2AB15D79-7817-47EA-9C48-FBD6FB429842}"
EndProject
Global
	GlobalSection(SolutionConfigurationPlatforms) = preSolution
		Debug|Any CPU = Debug|Any CPU
		Release|Any CPU = Release|Any CPU
	EndGlobalSection
	GlobalSection(ProjectConfigurationPlatforms) = postSolution
		{2AB15D79-7817-47EA-9C48-FBD6FB429842}.Debug|Any CPU.ActiveCfg = Debug|Any CPU
		{2AB15D79-7817-47EA-9C48-FBD6FB429842}.Debug|Any CPU.Build.0 = Debug|Any CPU
		{2AB15D79-7817-47EA-9C48-FBD6FB429842}.Release|Any CPU.ActiveCfg = Release|Any CPU
		{2AB15D79-7817-47EA-9C48-FBD6FB429842}.Release|Any CPU.Build.0 = Release|Any CPU
	EndGlobalSection
	GlobalSection(SolutionProperties) = preSolution
		HideSolutionNode = FALSE
	EndGlobalSection
	GlobalSection(ExtensibilityGlobals) = postSolution
		SolutionGuid = {3A83337A-565D-4C2D-B90C-78FAC31B529E}
	EndGlobalSection
EndGlobal
